
Microsoft Visual Studio Solution File, Format Version 12.00
# Visual Studio Version 17
VisualStudioVersion = 17.9.34616.47
MinimumVisualStudioVersion = 10.0.40219.1
Project("{FAE04EC0-301F-11D3-BF4B-00C04F79EFBC}") = "PraktickaUlohaDokoupil", "PraktickaUlohaDokoupil\PraktickaUlohaDokoupil.csproj", "{A38D6DCF-0DDD-4827-BBE2-40E7551F6952}"
EndProject
Global
	GlobalSection(SolutionConfigurationPlatforms) = preSolution
		Debug|Any CPU = Debug|Any CPU
		Release|Any CPU = Release|Any CPU
	EndGlobalSection
	GlobalSection(ProjectConfigurationPlatforms) = postSolution
		{A38D6DCF-0DDD-4827-BBE2-40E7551F6952}.Debug|Any CPU.ActiveCfg = Debug|Any CPU
		{A38D6DCF-0DDD-4827-BBE2-40E7551F6952}.Debug|Any CPU.Build.0 = Debug|Any CPU
		{A38D6DCF-0DDD-4827-BBE2-40E7551F6952}.Release|Any CPU.ActiveCfg = Release|Any CPU
		{A38D6DCF-0DDD-4827-BBE2-40E7551F6952}.Release|Any CPU.Build.0 = Release|Any CPU
	EndGlobalSection
	GlobalSection(SolutionProperties) = preSolution
		HideSolutionNode = FALSE
	EndGlobalSection
	GlobalSection(ExtensibilityGlobals) = postSolution
		SolutionGuid = {C51B2DEA-A82B-4C46-85AE-F6B01BDEC4D2}
	EndGlobalSection
EndGlobal
